
Microsoft Visual Studio Solution File, Format Version 12.00
# Visual Studio Version 16
VisualStudioVersion = 16.0.30204.135
MinimumVisualStudioVersion = 10.0.40219.1
Project("{FAE04EC0-301F-11D3-BF4B-00C04F79EFBC}") = "_20200713_lambda", "_20200713_lambda\_20200713_lambda.csproj", "{3093227A-04FE-41F9-A265-8DCA74E2D34B}"
EndProject
Global
	GlobalSection(SolutionConfigurationPlatforms) = preSolution
		Debug|Any CPU = Debug|Any CPU
		Release|Any CPU = Release|Any CPU
	EndGlobalSection
	GlobalSection(ProjectConfigurationPlatforms) = postSolution
		{3093227A-04FE-41F9-A265-8DCA74E2D34B}.Debug|Any CPU.ActiveCfg = Debug|Any CPU
		{3093227A-04FE-41F9-A265-8DCA74E2D34B}.Debug|Any CPU.Build.0 = Debug|Any CPU
		{3093227A-04FE-41F9-A265-8DCA74E2D34B}.Release|Any CPU.ActiveCfg = Release|Any CPU
		{3093227A-04FE-41F9-A265-8DCA74E2D34B}.Release|Any CPU.Build.0 = Release|Any CPU
	EndGlobalSection
	GlobalSection(SolutionProperties) = preSolution
		HideSolutionNode = FALSE
	EndGlobalSection
	GlobalSection(ExtensibilityGlobals) = postSolution
		SolutionGuid = {160294CF-22A1-4F6D-BF64-EB33A403D060}
	EndGlobalSection
EndGlobal
