
Microsoft Visual Studio Solution File, Format Version 12.00
# Visual Studio Version 16
VisualStudioVersion = 16.0.30114.105
MinimumVisualStudioVersion = 10.0.40219.1
Project("{FAE04EC0-301F-11D3-BF4B-00C04F79EFBC}") = "_20200604_switchPirma", "_20200604_switchPirma\_20200604_switchPirma.csproj", "{D496BC77-B00C-47D5-B7CB-7A73E0333731}"
EndProject
Global
	GlobalSection(SolutionConfigurationPlatforms) = preSolution
		Debug|Any CPU = Debug|Any CPU
		Release|Any CPU = Release|Any CPU
	EndGlobalSection
	GlobalSection(ProjectConfigurationPlatforms) = postSolution
		{D496BC77-B00C-47D5-B7CB-7A73E0333731}.Debug|Any CPU.ActiveCfg = Debug|Any CPU
		{D496BC77-B00C-47D5-B7CB-7A73E0333731}.Debug|Any CPU.Build.0 = Debug|Any CPU
		{D496BC77-B00C-47D5-B7CB-7A73E0333731}.Release|Any CPU.ActiveCfg = Release|Any CPU
		{D496BC77-B00C-47D5-B7CB-7A73E0333731}.Release|Any CPU.Build.0 = Release|Any CPU
	EndGlobalSection
	GlobalSection(SolutionProperties) = preSolution
		HideSolutionNode = FALSE
	EndGlobalSection
	GlobalSection(ExtensibilityGlobals) = postSolution
		SolutionGuid = {867836B8-A7FD-4F39-B862-E605A740A4CA}
	EndGlobalSection
EndGlobal
