
Microsoft Visual Studio Solution File, Format Version 12.00
# Visual Studio Version 16
VisualStudioVersion = 16.0.30204.135
MinimumVisualStudioVersion = 10.0.40219.1
Project("{FAE04EC0-301F-11D3-BF4B-00C04F79EFBC}") = "_20200709_Database", "_20200709_Database\_20200709_Database.csproj", "{A8682BA3-3F45-4FD1-8325-FF74BC8FA218}"
EndProject
Global
	GlobalSection(SolutionConfigurationPlatforms) = preSolution
		Debug|Any CPU = Debug|Any CPU
		Release|Any CPU = Release|Any CPU
	EndGlobalSection
	GlobalSection(ProjectConfigurationPlatforms) = postSolution
		{A8682BA3-3F45-4FD1-8325-FF74BC8FA218}.Debug|Any CPU.ActiveCfg = Debug|Any CPU
		{A8682BA3-3F45-4FD1-8325-FF74BC8FA218}.Debug|Any CPU.Build.0 = Debug|Any CPU
		{A8682BA3-3F45-4FD1-8325-FF74BC8FA218}.Release|Any CPU.ActiveCfg = Release|Any CPU
		{A8682BA3-3F45-4FD1-8325-FF74BC8FA218}.Release|Any CPU.Build.0 = Release|Any CPU
	EndGlobalSection
	GlobalSection(SolutionProperties) = preSolution
		HideSolutionNode = FALSE
	EndGlobalSection
	GlobalSection(ExtensibilityGlobals) = postSolution
		SolutionGuid = {B7FF48DB-A4C3-4E75-98B6-21A77E06DD69}
	EndGlobalSection
EndGlobal
