
Microsoft Visual Studio Solution File, Format Version 12.00
# Visual Studio Version 16
VisualStudioVersion = 16.0.30225.117
MinimumVisualStudioVersion = 10.0.40219.1
Project("{FAE04EC0-301F-11D3-BF4B-00C04F79EFBC}") = "_20200723_EFCodeFirstDatabase", "_20200723_EFCodeFirstDatabase\_20200723_EFCodeFirstDatabase.csproj", "{A174DE23-B601-4A6D-AA97-25DE7763F15B}"
EndProject
Global
	GlobalSection(SolutionConfigurationPlatforms) = preSolution
		Debug|Any CPU = Debug|Any CPU
		Release|Any CPU = Release|Any CPU
	EndGlobalSection
	GlobalSection(ProjectConfigurationPlatforms) = postSolution
		{A174DE23-B601-4A6D-AA97-25DE7763F15B}.Debug|Any CPU.ActiveCfg = Debug|Any CPU
		{A174DE23-B601-4A6D-AA97-25DE7763F15B}.Debug|Any CPU.Build.0 = Debug|Any CPU
		{A174DE23-B601-4A6D-AA97-25DE7763F15B}.Release|Any CPU.ActiveCfg = Release|Any CPU
		{A174DE23-B601-4A6D-AA97-25DE7763F15B}.Release|Any CPU.Build.0 = Release|Any CPU
	EndGlobalSection
	GlobalSection(SolutionProperties) = preSolution
		HideSolutionNode = FALSE
	EndGlobalSection
	GlobalSection(ExtensibilityGlobals) = postSolution
		SolutionGuid = {73BC0DB3-2534-4335-B3A1-AC71D10EE5BF}
	EndGlobalSection
EndGlobal
