
Microsoft Visual Studio Solution File, Format Version 12.00
# Visual Studio Version 16
VisualStudioVersion = 16.0.30114.105
MinimumVisualStudioVersion = 10.0.40219.1
Project("{FAE04EC0-301F-11D3-BF4B-00C04F79EFBC}") = "_20200602_trikampiai", "_20200602_trikampiai\_20200602_trikampiai.csproj", "{254AEE33-F8FD-456F-B86A-5525967B8EC3}"
EndProject
Global
	GlobalSection(SolutionConfigurationPlatforms) = preSolution
		Debug|Any CPU = Debug|Any CPU
		Release|Any CPU = Release|Any CPU
	EndGlobalSection
	GlobalSection(ProjectConfigurationPlatforms) = postSolution
		{254AEE33-F8FD-456F-B86A-5525967B8EC3}.Debug|Any CPU.ActiveCfg = Debug|Any CPU
		{254AEE33-F8FD-456F-B86A-5525967B8EC3}.Debug|Any CPU.Build.0 = Debug|Any CPU
		{254AEE33-F8FD-456F-B86A-5525967B8EC3}.Release|Any CPU.ActiveCfg = Release|Any CPU
		{254AEE33-F8FD-456F-B86A-5525967B8EC3}.Release|Any CPU.Build.0 = Release|Any CPU
	EndGlobalSection
	GlobalSection(SolutionProperties) = preSolution
		HideSolutionNode = FALSE
	EndGlobalSection
	GlobalSection(ExtensibilityGlobals) = postSolution
		SolutionGuid = {81596FF8-0019-4314-954C-73154C30E7DF}
	EndGlobalSection
EndGlobal
