
Microsoft Visual Studio Solution File, Format Version 12.00
# Visual Studio Version 16
VisualStudioVersion = 16.0.30225.117
MinimumVisualStudioVersion = 10.0.40219.1
Project("{FAE04EC0-301F-11D3-BF4B-00C04F79EFBC}") = "_20200723_Lengvi", "_20200723_Lengvi\_20200723_Lengvi.csproj", "{3A9B1E7D-4821-4F04-B31C-CEDA47B99928}"
EndProject
Global
	GlobalSection(SolutionConfigurationPlatforms) = preSolution
		Debug|Any CPU = Debug|Any CPU
		Release|Any CPU = Release|Any CPU
	EndGlobalSection
	GlobalSection(ProjectConfigurationPlatforms) = postSolution
		{3A9B1E7D-4821-4F04-B31C-CEDA47B99928}.Debug|Any CPU.ActiveCfg = Debug|Any CPU
		{3A9B1E7D-4821-4F04-B31C-CEDA47B99928}.Debug|Any CPU.Build.0 = Debug|Any CPU
		{3A9B1E7D-4821-4F04-B31C-CEDA47B99928}.Release|Any CPU.ActiveCfg = Release|Any CPU
		{3A9B1E7D-4821-4F04-B31C-CEDA47B99928}.Release|Any CPU.Build.0 = Release|Any CPU
	EndGlobalSection
	GlobalSection(SolutionProperties) = preSolution
		HideSolutionNode = FALSE
	EndGlobalSection
	GlobalSection(ExtensibilityGlobals) = postSolution
		SolutionGuid = {812B721C-3A26-4CEB-92FC-1221ED57D6C1}
	EndGlobalSection
EndGlobal
