
Microsoft Visual Studio Solution File, Format Version 12.00
# Visual Studio Version 16
VisualStudioVersion = 16.0.30225.117
MinimumVisualStudioVersion = 10.0.40219.1
Project("{FAE04EC0-301F-11D3-BF4B-00C04F79EFBC}") = "_20200714_Kvadratai", "_20200714_Kvadratai\_20200714_Kvadratai.csproj", "{77330C02-DAC3-45A6-B2B5-8A0A8557DD1C}"
EndProject
Global
	GlobalSection(SolutionConfigurationPlatforms) = preSolution
		Debug|Any CPU = Debug|Any CPU
		Release|Any CPU = Release|Any CPU
	EndGlobalSection
	GlobalSection(ProjectConfigurationPlatforms) = postSolution
		{77330C02-DAC3-45A6-B2B5-8A0A8557DD1C}.Debug|Any CPU.ActiveCfg = Debug|Any CPU
		{77330C02-DAC3-45A6-B2B5-8A0A8557DD1C}.Debug|Any CPU.Build.0 = Debug|Any CPU
		{77330C02-DAC3-45A6-B2B5-8A0A8557DD1C}.Release|Any CPU.ActiveCfg = Release|Any CPU
		{77330C02-DAC3-45A6-B2B5-8A0A8557DD1C}.Release|Any CPU.Build.0 = Release|Any CPU
	EndGlobalSection
	GlobalSection(SolutionProperties) = preSolution
		HideSolutionNode = FALSE
	EndGlobalSection
	GlobalSection(ExtensibilityGlobals) = postSolution
		SolutionGuid = {984332D2-5168-4372-B004-8B91D90F0698}
	EndGlobalSection
EndGlobal
