
Microsoft Visual Studio Solution File, Format Version 12.00
# Visual Studio Version 16
VisualStudioVersion = 16.0.30114.105
MinimumVisualStudioVersion = 10.0.40219.1
Project("{FAE04EC0-301F-11D3-BF4B-00C04F79EFBC}") = "_20200601_pirmaUzduotis", "_20200601_pirmaUzduotis\_20200601_pirmaUzduotis.csproj", "{9E81B789-CD75-42B8-9D09-BC8F30312207}"
EndProject
Global
	GlobalSection(SolutionConfigurationPlatforms) = preSolution
		Debug|Any CPU = Debug|Any CPU
		Release|Any CPU = Release|Any CPU
	EndGlobalSection
	GlobalSection(ProjectConfigurationPlatforms) = postSolution
		{9E81B789-CD75-42B8-9D09-BC8F30312207}.Debug|Any CPU.ActiveCfg = Debug|Any CPU
		{9E81B789-CD75-42B8-9D09-BC8F30312207}.Debug|Any CPU.Build.0 = Debug|Any CPU
		{9E81B789-CD75-42B8-9D09-BC8F30312207}.Release|Any CPU.ActiveCfg = Release|Any CPU
		{9E81B789-CD75-42B8-9D09-BC8F30312207}.Release|Any CPU.Build.0 = Release|Any CPU
	EndGlobalSection
	GlobalSection(SolutionProperties) = preSolution
		HideSolutionNode = FALSE
	EndGlobalSection
	GlobalSection(ExtensibilityGlobals) = postSolution
		SolutionGuid = {E801A38E-F0DE-4C29-80B9-167A74E91E94}
	EndGlobalSection
EndGlobal
