
Microsoft Visual Studio Solution File, Format Version 12.00
# Visual Studio Version 16
VisualStudioVersion = 16.0.30204.135
MinimumVisualStudioVersion = 10.0.40219.1
Project("{FAE04EC0-301F-11D3-BF4B-00C04F79EFBC}") = "_20200615_Vyariausias", "_20200615_Vyariausias\_20200615_Vyariausias.csproj", "{2053CF01-257D-43B1-89BE-1E9FA4D33E57}"
EndProject
Global
	GlobalSection(SolutionConfigurationPlatforms) = preSolution
		Debug|Any CPU = Debug|Any CPU
		Release|Any CPU = Release|Any CPU
	EndGlobalSection
	GlobalSection(ProjectConfigurationPlatforms) = postSolution
		{2053CF01-257D-43B1-89BE-1E9FA4D33E57}.Debug|Any CPU.ActiveCfg = Debug|Any CPU
		{2053CF01-257D-43B1-89BE-1E9FA4D33E57}.Debug|Any CPU.Build.0 = Debug|Any CPU
		{2053CF01-257D-43B1-89BE-1E9FA4D33E57}.Release|Any CPU.ActiveCfg = Release|Any CPU
		{2053CF01-257D-43B1-89BE-1E9FA4D33E57}.Release|Any CPU.Build.0 = Release|Any CPU
	EndGlobalSection
	GlobalSection(SolutionProperties) = preSolution
		HideSolutionNode = FALSE
	EndGlobalSection
	GlobalSection(ExtensibilityGlobals) = postSolution
		SolutionGuid = {FA79D9FC-CC69-4880-AB42-09047D8827D5}
	EndGlobalSection
EndGlobal
