
Microsoft Visual Studio Solution File, Format Version 12.00
# Visual Studio Version 16
VisualStudioVersion = 16.0.30225.117
MinimumVisualStudioVersion = 10.0.40219.1
Project("{FAE04EC0-301F-11D3-BF4B-00C04F79EFBC}") = "_20200720_LinqSuDuomenuBazemis", "_20200720_LinqSuDuomenuBazemis\_20200720_LinqSuDuomenuBazemis.csproj", "{38987370-8ACD-4FC7-885C-ACE1C00494DF}"
EndProject
Global
	GlobalSection(SolutionConfigurationPlatforms) = preSolution
		Debug|Any CPU = Debug|Any CPU
		Release|Any CPU = Release|Any CPU
	EndGlobalSection
	GlobalSection(ProjectConfigurationPlatforms) = postSolution
		{38987370-8ACD-4FC7-885C-ACE1C00494DF}.Debug|Any CPU.ActiveCfg = Debug|Any CPU
		{38987370-8ACD-4FC7-885C-ACE1C00494DF}.Debug|Any CPU.Build.0 = Debug|Any CPU
		{38987370-8ACD-4FC7-885C-ACE1C00494DF}.Release|Any CPU.ActiveCfg = Release|Any CPU
		{38987370-8ACD-4FC7-885C-ACE1C00494DF}.Release|Any CPU.Build.0 = Release|Any CPU
	EndGlobalSection
	GlobalSection(SolutionProperties) = preSolution
		HideSolutionNode = FALSE
	EndGlobalSection
	GlobalSection(ExtensibilityGlobals) = postSolution
		SolutionGuid = {4C903462-078A-4CA2-A502-2B9E8173F89B}
	EndGlobalSection
EndGlobal
