
Microsoft Visual Studio Solution File, Format Version 12.00
# Visual Studio Version 16
VisualStudioVersion = 16.0.30320.27
MinimumVisualStudioVersion = 10.0.40219.1
Project("{FAE04EC0-301F-11D3-BF4B-00C04F79EFBC}") = "_20200730_nesauguKodas", "_20200730_nesauguKodas\_20200730_nesauguKodas.csproj", "{622D29BE-9C25-44C1-A1AF-F80C7D2F7DB1}"
EndProject
Global
	GlobalSection(SolutionConfigurationPlatforms) = preSolution
		Debug|Any CPU = Debug|Any CPU
		Release|Any CPU = Release|Any CPU
	EndGlobalSection
	GlobalSection(ProjectConfigurationPlatforms) = postSolution
		{622D29BE-9C25-44C1-A1AF-F80C7D2F7DB1}.Debug|Any CPU.ActiveCfg = Debug|Any CPU
		{622D29BE-9C25-44C1-A1AF-F80C7D2F7DB1}.Debug|Any CPU.Build.0 = Debug|Any CPU
		{622D29BE-9C25-44C1-A1AF-F80C7D2F7DB1}.Release|Any CPU.ActiveCfg = Release|Any CPU
		{622D29BE-9C25-44C1-A1AF-F80C7D2F7DB1}.Release|Any CPU.Build.0 = Release|Any CPU
	EndGlobalSection
	GlobalSection(SolutionProperties) = preSolution
		HideSolutionNode = FALSE
	EndGlobalSection
	GlobalSection(ExtensibilityGlobals) = postSolution
		SolutionGuid = {03BE6568-52F4-437C-9B63-0E82AE6A67FC}
	EndGlobalSection
EndGlobal
