
Microsoft Visual Studio Solution File, Format Version 12.00
# Visual Studio Version 16
VisualStudioVersion = 16.0.30204.135
MinimumVisualStudioVersion = 10.0.40219.1
Project("{FAE04EC0-301F-11D3-BF4B-00C04F79EFBC}") = "_20200616_suZvaigzdute", "_20200616_suZvaigzdute\_20200616_suZvaigzdute.csproj", "{8477F815-BBB1-458F-B7DF-683795D3759D}"
EndProject
Global
	GlobalSection(SolutionConfigurationPlatforms) = preSolution
		Debug|Any CPU = Debug|Any CPU
		Release|Any CPU = Release|Any CPU
	EndGlobalSection
	GlobalSection(ProjectConfigurationPlatforms) = postSolution
		{8477F815-BBB1-458F-B7DF-683795D3759D}.Debug|Any CPU.ActiveCfg = Debug|Any CPU
		{8477F815-BBB1-458F-B7DF-683795D3759D}.Debug|Any CPU.Build.0 = Debug|Any CPU
		{8477F815-BBB1-458F-B7DF-683795D3759D}.Release|Any CPU.ActiveCfg = Release|Any CPU
		{8477F815-BBB1-458F-B7DF-683795D3759D}.Release|Any CPU.Build.0 = Release|Any CPU
	EndGlobalSection
	GlobalSection(SolutionProperties) = preSolution
		HideSolutionNode = FALSE
	EndGlobalSection
	GlobalSection(ExtensibilityGlobals) = postSolution
		SolutionGuid = {D48F833C-ABDC-4465-98BF-F6ADBC1DEA24}
	EndGlobalSection
EndGlobal
